<?xml version="1.0" encoding="utf-8"?>
<Project ToolsVersion="4.0" xmlns="http://schemas.microsoft.com/developer/msbuild/2003">
  <ItemGroup>
    <Filter Include="OS">
      <UniqueIdentifier>{1421172f-4ba8-4fd1-a267-95af54235224}</UniqueIdentifier>
    </Filter>
    <Filter Include="UTIL">
      <UniqueIdentifier>{22c0363f-cc2b-48ea-bdb8-634c801b6293}</UniqueIdentifier>
    </Filter>
    <Filter Include="IPC">
      <UniqueIdentifier>{d562bed7-ba9e-4176-ae4b-2995cb033d36}</UniqueIdentifier>
    </Filter>
    <Filter Include="MSGPACK">
      <UniqueIdentifier>{a5c29447-2eae-4b4f-8d63-f409a4d3af75}</UniqueIdentifier>
    </Filter>
    <Filter Include="RPC">
      <UniqueIdentifier>{c2966573-5bad-48b7-bf71-77dcb43825d3}</UniqueIdentifier>
    </Filter>
  </ItemGroup>
  <ItemGroup>
    <ClCompile Include="..\src\WinGiant\OS\Thread.cpp">
      <Filter>OS</Filter>
    </ClCompile>
    <ClCompile Include="..\src\WinGiant\OS\Mutex.cpp">
      <Filter>OS</Filter>
    </ClCompile>
    <ClCompile Include="..\src\WinGiant\OS\Semaphore.cpp">
      <Filter>OS</Filter>
    </ClCompile>
    <ClCompile Include="..\src\WinGiant\UTIL\RunOnce.cpp">
      <Filter>UTIL</Filter>
    </ClCompile>
    <ClCompile Include="..\src\WinGiant\UTIL\Log.cpp">
      <Filter>UTIL</Filter>
    </ClCompile>
    <ClCompile Include="..\src\WinGiant\IPC\Message.cpp">
      <Filter>IPC</Filter>
    </ClCompile>
    <ClCompile Include="..\src\WinGiant\IPC\Pub.cpp">
      <Filter>IPC</Filter>
    </ClCompile>
    <ClCompile Include="..\src\WinGiant\IPC\Sub.cpp">
      <Filter>IPC</Filter>
    </ClCompile>
    <ClCompile Include="..\src\WinGiant\OS\NonblockingPipeClient.cpp">
      <Filter>OS</Filter>
    </ClCompile>
    <ClCompile Include="..\src\WinGiant\OS\NonblockingPipeServer.cpp">
      <Filter>OS</Filter>
    </ClCompile>
    <ClCompile Include="..\src\WinGiant\MSGPACK\src\objectc.c">
      <Filter>MSGPACK</Filter>
    </ClCompile>
    <ClCompile Include="..\src\WinGiant\MSGPACK\src\unpack.c">
      <Filter>MSGPACK</Filter>
    </ClCompile>
    <ClCompile Include="..\src\WinGiant\MSGPACK\src\version.c">
      <Filter>MSGPACK</Filter>
    </ClCompile>
    <ClCompile Include="..\src\WinGiant\MSGPACK\src\vrefbuffer.c">
      <Filter>MSGPACK</Filter>
    </ClCompile>
    <ClCompile Include="..\src\WinGiant\MSGPACK\src\zone.c">
      <Filter>MSGPACK</Filter>
    </ClCompile>
    <ClCompile Include="..\src\WinGiant\RPC\Call.cpp">
      <Filter>RPC</Filter>
    </ClCompile>
    <ClCompile Include="..\src\WinGiant\RPC\Service.cpp">
      <Filter>RPC</Filter>
    </ClCompile>
  </ItemGroup>
  <ItemGroup>
    <ClInclude Include="..\src\WinGiant\OS\Thread.hpp">
      <Filter>OS</Filter>
    </ClInclude>
    <ClInclude Include="..\src\WinGiant\All.hpp" />
    <ClInclude Include="..\src\WinGiant\OS\Mutex.hpp">
      <Filter>OS</Filter>
    </ClInclude>
    <ClInclude Include="..\src\WinGiant\OS\Semaphore.hpp">
      <Filter>OS</Filter>
    </ClInclude>
    <ClInclude Include="..\src\WinGiant\OS\ThreadQueue.hpp">
      <Filter>OS</Filter>
    </ClInclude>
    <ClInclude Include="..\src\WinGiant\UTIL\RunOnce.hpp">
      <Filter>UTIL</Filter>
    </ClInclude>
    <ClInclude Include="..\src\WinGiant\UTIL\Log.hpp">
      <Filter>UTIL</Filter>
    </ClInclude>
    <ClInclude Include="..\src\WinGiant\IPC\Message.hpp">
      <Filter>IPC</Filter>
    </ClInclude>
    <ClInclude Include="..\src\WinGiant\IPC\Pub.hpp">
      <Filter>IPC</Filter>
    </ClInclude>
    <ClInclude Include="..\src\WinGiant\IPC\Sub.hpp">
      <Filter>IPC</Filter>
    </ClInclude>
    <ClInclude Include="..\src\WinGiant\OS\NonblockingPipeClient.hpp">
      <Filter>OS</Filter>
    </ClInclude>
    <ClInclude Include="..\src\WinGiant\OS\NonblockingPipeServer.hpp">
      <Filter>OS</Filter>
    </ClInclude>
    <ClInclude Include="..\src\WinGiant\MSGPACK\include\msgpack.h">
      <Filter>MSGPACK</Filter>
    </ClInclude>
    <ClInclude Include="..\src\WinGiant\MSGPACK\include\msgpack.hpp">
      <Filter>MSGPACK</Filter>
    </ClInclude>
    <ClInclude Include="..\src\WinGiant\RPC\Call.hpp">
      <Filter>RPC</Filter>
    </ClInclude>
    <ClInclude Include="..\src\WinGiant\RPC\Service.hpp">
      <Filter>RPC</Filter>
    </ClInclude>
  </ItemGroup>
</Project>