
Microsoft Visual Studio Solution File, Format Version 12.00
# Visual Studio 2012
Project("{8BC9CEB8-8B4A-11D0-8D11-00A0C91BC942}") = "WinGiant", "WinGiant.vcxproj", "{18DAF650-04D9-495D-8819-C040798426F0}"
EndProject
Project("{2150E333-8FDC-42A3-9474-1A3956D46DE8}") = "Libs", "Libs", "{D46113E3-CA39-4721-8272-18843031CB9B}"
EndProject
Project("{2150E333-8FDC-42A3-9474-1A3956D46DE8}") = "Tests", "Tests", "{2A38CC5F-A303-47C2-B56E-785F234CF690}"
EndProject
Project("{8BC9CEB8-8B4A-11D0-8D11-00A0C91BC942}") = "ThreadTest", "Tests\ThreadTest.vcxproj", "{9B82A5BF-264E-45B7-98C3-CAE900417930}"
	ProjectSection(ProjectDependencies) = postProject
		{18DAF650-04D9-495D-8819-C040798426F0} = {18DAF650-04D9-495D-8819-C040798426F0}
	EndProjectSection
EndProject
Project("{8BC9CEB8-8B4A-11D0-8D11-00A0C91BC942}") = "ThreadQueueTest", "Tests\ThreadQueueTest.vcxproj", "{9E86D5E1-AE20-4BC6-9258-D8C332CDCD42}"
	ProjectSection(ProjectDependencies) = postProject
		{18DAF650-04D9-495D-8819-C040798426F0} = {18DAF650-04D9-495D-8819-C040798426F0}
	EndProjectSection
EndProject
Project("{8BC9CEB8-8B4A-11D0-8D11-00A0C91BC942}") = "RunOnceTest", "Tests\RunOnceTest.vcxproj", "{78F95653-D4DD-4CA4-A933-13DBE7CEB918}"
	ProjectSection(ProjectDependencies) = postProject
		{18DAF650-04D9-495D-8819-C040798426F0} = {18DAF650-04D9-495D-8819-C040798426F0}
	EndProjectSection
EndProject
Project("{8BC9CEB8-8B4A-11D0-8D11-00A0C91BC942}") = "LogTest", "Tests\LogTest.vcxproj", "{B71FC0A2-5DC2-4EF8-B0C4-378BD640E86B}"
	ProjectSection(ProjectDependencies) = postProject
		{18DAF650-04D9-495D-8819-C040798426F0} = {18DAF650-04D9-495D-8819-C040798426F0}
	EndProjectSection
EndProject
Project("{8BC9CEB8-8B4A-11D0-8D11-00A0C91BC942}") = "PubTest", "Tests\PubTest.vcxproj", "{8A3ABA6A-150C-4539-AF17-99ED9D0D0E29}"
	ProjectSection(ProjectDependencies) = postProject
		{18DAF650-04D9-495D-8819-C040798426F0} = {18DAF650-04D9-495D-8819-C040798426F0}
	EndProjectSection
EndProject
Project("{8BC9CEB8-8B4A-11D0-8D11-00A0C91BC942}") = "SubTest", "Tests\SubTest.vcxproj", "{7AE4E9FD-6BBC-4EF1-847E-00C2FD1DAC37}"
	ProjectSection(ProjectDependencies) = postProject
		{18DAF650-04D9-495D-8819-C040798426F0} = {18DAF650-04D9-495D-8819-C040798426F0}
	EndProjectSection
EndProject
Project("{2150E333-8FDC-42A3-9474-1A3956D46DE8}") = "Utils", "Utils", "{0528813E-5CDA-47E1-876B-AE9EFDFB9C20}"
EndProject
Project("{2150E333-8FDC-42A3-9474-1A3956D46DE8}") = "PubSub", "PubSub", "{60D30F44-9601-43F1-9B7C-EBB19A3DB79C}"
EndProject
Project("{2150E333-8FDC-42A3-9474-1A3956D46DE8}") = "MsgPack", "MsgPack", "{563EAD68-A39F-4547-B5DF-939AAA133B43}"
EndProject
Project("{8BC9CEB8-8B4A-11D0-8D11-00A0C91BC942}") = "MsgPackServer", "Tests\MsgPackServer.vcxproj", "{3E03919F-45DA-455B-8743-359E346A5179}"
EndProject
Project("{8BC9CEB8-8B4A-11D0-8D11-00A0C91BC942}") = "MsgPackClient", "Tests\MsgPackClient.vcxproj", "{5E6B5E4A-7DFF-48CD-88CA-3BB1F2F23635}"
EndProject
Global
	GlobalSection(SolutionConfigurationPlatforms) = preSolution
		Debug|Win32 = Debug|Win32
		Release|Win32 = Release|Win32
	EndGlobalSection
	GlobalSection(ProjectConfigurationPlatforms) = postSolution
		{18DAF650-04D9-495D-8819-C040798426F0}.Debug|Win32.ActiveCfg = Debug|Win32
		{18DAF650-04D9-495D-8819-C040798426F0}.Debug|Win32.Build.0 = Debug|Win32
		{18DAF650-04D9-495D-8819-C040798426F0}.Release|Win32.ActiveCfg = Release|Win32
		{18DAF650-04D9-495D-8819-C040798426F0}.Release|Win32.Build.0 = Release|Win32
		{9B82A5BF-264E-45B7-98C3-CAE900417930}.Debug|Win32.ActiveCfg = Debug|Win32
		{9B82A5BF-264E-45B7-98C3-CAE900417930}.Debug|Win32.Build.0 = Debug|Win32
		{9B82A5BF-264E-45B7-98C3-CAE900417930}.Release|Win32.ActiveCfg = Release|Win32
		{9B82A5BF-264E-45B7-98C3-CAE900417930}.Release|Win32.Build.0 = Release|Win32
		{9E86D5E1-AE20-4BC6-9258-D8C332CDCD42}.Debug|Win32.ActiveCfg = Debug|Win32
		{9E86D5E1-AE20-4BC6-9258-D8C332CDCD42}.Debug|Win32.Build.0 = Debug|Win32
		{9E86D5E1-AE20-4BC6-9258-D8C332CDCD42}.Release|Win32.ActiveCfg = Release|Win32
		{9E86D5E1-AE20-4BC6-9258-D8C332CDCD42}.Release|Win32.Build.0 = Release|Win32
		{78F95653-D4DD-4CA4-A933-13DBE7CEB918}.Debug|Win32.ActiveCfg = Debug|Win32
		{78F95653-D4DD-4CA4-A933-13DBE7CEB918}.Debug|Win32.Build.0 = Debug|Win32
		{78F95653-D4DD-4CA4-A933-13DBE7CEB918}.Release|Win32.ActiveCfg = Release|Win32
		{78F95653-D4DD-4CA4-A933-13DBE7CEB918}.Release|Win32.Build.0 = Release|Win32
		{B71FC0A2-5DC2-4EF8-B0C4-378BD640E86B}.Debug|Win32.ActiveCfg = Debug|Win32
		{B71FC0A2-5DC2-4EF8-B0C4-378BD640E86B}.Debug|Win32.Build.0 = Debug|Win32
		{B71FC0A2-5DC2-4EF8-B0C4-378BD640E86B}.Release|Win32.ActiveCfg = Release|Win32
		{B71FC0A2-5DC2-4EF8-B0C4-378BD640E86B}.Release|Win32.Build.0 = Release|Win32
		{8A3ABA6A-150C-4539-AF17-99ED9D0D0E29}.Debug|Win32.ActiveCfg = Debug|Win32
		{8A3ABA6A-150C-4539-AF17-99ED9D0D0E29}.Debug|Win32.Build.0 = Debug|Win32
		{8A3ABA6A-150C-4539-AF17-99ED9D0D0E29}.Release|Win32.ActiveCfg = Release|Win32
		{8A3ABA6A-150C-4539-AF17-99ED9D0D0E29}.Release|Win32.Build.0 = Release|Win32
		{7AE4E9FD-6BBC-4EF1-847E-00C2FD1DAC37}.Debug|Win32.ActiveCfg = Debug|Win32
		{7AE4E9FD-6BBC-4EF1-847E-00C2FD1DAC37}.Debug|Win32.Build.0 = Debug|Win32
		{7AE4E9FD-6BBC-4EF1-847E-00C2FD1DAC37}.Release|Win32.ActiveCfg = Release|Win32
		{7AE4E9FD-6BBC-4EF1-847E-00C2FD1DAC37}.Release|Win32.Build.0 = Release|Win32
		{3E03919F-45DA-455B-8743-359E346A5179}.Debug|Win32.ActiveCfg = Debug|Win32
		{3E03919F-45DA-455B-8743-359E346A5179}.Debug|Win32.Build.0 = Debug|Win32
		{3E03919F-45DA-455B-8743-359E346A5179}.Release|Win32.ActiveCfg = Release|Win32
		{3E03919F-45DA-455B-8743-359E346A5179}.Release|Win32.Build.0 = Release|Win32
		{5E6B5E4A-7DFF-48CD-88CA-3BB1F2F23635}.Debug|Win32.ActiveCfg = Debug|Win32
		{5E6B5E4A-7DFF-48CD-88CA-3BB1F2F23635}.Debug|Win32.Build.0 = Debug|Win32
		{5E6B5E4A-7DFF-48CD-88CA-3BB1F2F23635}.Release|Win32.ActiveCfg = Release|Win32
		{5E6B5E4A-7DFF-48CD-88CA-3BB1F2F23635}.Release|Win32.Build.0 = Release|Win32
	EndGlobalSection
	GlobalSection(SolutionProperties) = preSolution
		HideSolutionNode = FALSE
	EndGlobalSection
	GlobalSection(NestedProjects) = preSolution
		{18DAF650-04D9-495D-8819-C040798426F0} = {D46113E3-CA39-4721-8272-18843031CB9B}
		{0528813E-5CDA-47E1-876B-AE9EFDFB9C20} = {2A38CC5F-A303-47C2-B56E-785F234CF690}
		{60D30F44-9601-43F1-9B7C-EBB19A3DB79C} = {2A38CC5F-A303-47C2-B56E-785F234CF690}
		{563EAD68-A39F-4547-B5DF-939AAA133B43} = {2A38CC5F-A303-47C2-B56E-785F234CF690}
		{B71FC0A2-5DC2-4EF8-B0C4-378BD640E86B} = {0528813E-5CDA-47E1-876B-AE9EFDFB9C20}
		{78F95653-D4DD-4CA4-A933-13DBE7CEB918} = {0528813E-5CDA-47E1-876B-AE9EFDFB9C20}
		{9E86D5E1-AE20-4BC6-9258-D8C332CDCD42} = {0528813E-5CDA-47E1-876B-AE9EFDFB9C20}
		{9B82A5BF-264E-45B7-98C3-CAE900417930} = {0528813E-5CDA-47E1-876B-AE9EFDFB9C20}
		{8A3ABA6A-150C-4539-AF17-99ED9D0D0E29} = {60D30F44-9601-43F1-9B7C-EBB19A3DB79C}
		{7AE4E9FD-6BBC-4EF1-847E-00C2FD1DAC37} = {60D30F44-9601-43F1-9B7C-EBB19A3DB79C}
		{3E03919F-45DA-455B-8743-359E346A5179} = {563EAD68-A39F-4547-B5DF-939AAA133B43}
		{5E6B5E4A-7DFF-48CD-88CA-3BB1F2F23635} = {563EAD68-A39F-4547-B5DF-939AAA133B43}
	EndGlobalSection
EndGlobal
